github.com/gomodule/redigo v2.0.0+incompatible h1:K/R+8tc58AaqLkqG2Ol3Qk+DR/TlNuhuh457pBFPtt0=
github.com/gomodule/redigo v2.0.0+incompatible/go.mod h1:B4C85qUVwatsJoIUNIfCRsp7qO0iAmpGFZ4EELWSbC4=
github.com/icrowley/fake v0.0.0-20141223214152-84bff6d01560 h1:0X/UjUMFR1hfY9vQ49csz22ZtooF9z1g9uV2K5VFIXE=
github.com/icrowley/fake v0.0.0-20141223214152-84bff6d01560/go.mod h1:uhpZMVGznybq1itEKXj6RYw9I71qK4kH+OGMjRC4KEo=
github.com/mroth/weightedrand v0.2.1 h1:ivJastXlhBrj0q931DJ8IwhOLGwrYtPeENWd3WlVI0s=
github.com/mroth/weightedrand v0.2.1/go.mod h1:3p2SIcC8al1YMzGhAIoXD+r9olo/g/cdJgAD905gyNE=
