# This file is autogenerated, do not edit; changes may be undone by the next 'dep ensure'.


[[projects]]
  name = "github.com/gomodule/redigo"
  packages = [
    "internal",
    "redis"
  ]
  revision = "9c11da706d9b7902c6da69c592f75637793fe121"
  version = "v2.0.0"

[[projects]]
  name = "github.com/icrowley/fake"
  packages = ["."]
  revision = "84bff6d01560fb0b5a396ba29534e93fd00d09c6"

[solve-meta]
  analyzer-name = "dep"
  analyzer-version = 1
  inputs-digest = "2f9888c25cde0ab800e79a8116a0ef857f276ad90192a47a234f3287914a7a51"
  solver-name = "gps-cdcl"
  solver-version = 1
