# This file is autogenerated, do not edit; changes may be undone by the next 'dep ensure'.


[[projects]]
  name = "github.com/gomodule/redigo"
  packages = [
    "internal",
    "redis"
  ]
  revision = "9c11da706d9b7902c6da69c592f75637793fe121"
  version = "v2.0.0"

[[projects]]
  name = "github.com/icrowley/fake"
  packages = ["."]
  revision = "84bff6d01560fb0b5a396ba29534e93fd00d09c6"

[[projects]]
  name = "github.com/mroth/weightedrand"
  packages = ["."]
  revision = "9588a0d953a8e4b7ab673806e12b7313a7409f6f"
  version = "v0.1.0"

[solve-meta]
  analyzer-name = "dep"
  analyzer-version = 1
  inputs-digest = "e5203119221c27e07c0495a8ae92c57ae8ef870ecdab608a5ffeb8e8658f2782"
  solver-name = "gps-cdcl"
  solver-version = 1
